
Microsoft Visual Studio Solution File, Format Version 12.00
# Visual Studio Version 17
VisualStudioVersion = 17.9.34902.65
MinimumVisualStudioVersion = 10.0.40219.1
Project("{9A19103F-16F7-4668-BE54-9A1E7A4F7556}") = "BaseDatosMusica", "BaseDatosMusica.csproj", "{EA1E5483-40D1-4577-ACE3-B7B39F575152}"
EndProject
Global
	GlobalSection(SolutionConfigurationPlatforms) = preSolution
		Debug|Any CPU = Debug|Any CPU
		Release|Any CPU = Release|Any CPU
	EndGlobalSection
	GlobalSection(ProjectConfigurationPlatforms) = postSolution
		{EA1E5483-40D1-4577-ACE3-B7B39F575152}.Debug|Any CPU.ActiveCfg = Debug|Any CPU
		{EA1E5483-40D1-4577-ACE3-B7B39F575152}.Debug|Any CPU.Build.0 = Debug|Any CPU
		{EA1E5483-40D1-4577-ACE3-B7B39F575152}.Release|Any CPU.ActiveCfg = Release|Any CPU
		{EA1E5483-40D1-4577-ACE3-B7B39F575152}.Release|Any CPU.Build.0 = Release|Any CPU
	EndGlobalSection
	GlobalSection(SolutionProperties) = preSolution
		HideSolutionNode = FALSE
	EndGlobalSection
	GlobalSection(ExtensibilityGlobals) = postSolution
		SolutionGuid = {7BC14BC3-F4C3-4DD9-94BF-8DD8DEA64854}
	EndGlobalSection
EndGlobal
